<?xml version="1.0" encoding="utf-8"?>
<Project ToolsVersion="4.0" xmlns="http://schemas.microsoft.com/developer/msbuild/2003">
  <ItemGroup>
    <Filter Include="Source Files">
      <UniqueIdentifier>{4FC737F1-C7A5-4376-A066-2A32D752A2FF}</UniqueIdentifier>
      <Extensions>cpp;c;cc;cxx;def;odl;idl;hpj;bat;asm;asmx</Extensions>
    </Filter>
    <Filter Include="Header Files">
      <UniqueIdentifier>{93995380-89BD-4b04-88EB-625FBE52EBFB}</UniqueIdentifier>
      <Extensions>h;hh;hpp;hxx;hm;inl;inc;xsd</Extensions>
    </Filter>
    <Filter Include="Resource Files">
      <UniqueIdentifier>{67DA6AB6-F800-4c08-8B7A-83BB121AAD01}</UniqueIdentifier>
      <Extensions>rc;ico;cur;bmp;dlg;rc2;rct;bin;rgs;gif;jpg;jpeg;jpe;resx;tiff;tif;png;wav;mfcribbon-ms</Extensions>
    </Filter>
  </ItemGroup>
  <ItemGroup>
    <ClInclude Include="stdafx.h">
      <Filter>Header Files</Filter>
    </ClInclude>
    <ClInclude Include="dedekind-mkl.h">
      <Filter>Header Files</Filter>
    </ClInclude>
    <ClInclude Include="Context.h">
      <Filter>Header Files</Filter>
    </ClInclude>
    <ClInclude Include="JException.h">
      <Filter>Header Files</Filter>
    </ClInclude>
    <ClInclude Include="SlimString.h">
      <Filter>Header Files</Filter>
    </ClInclude>
    <ClInclude Include="JExceptionUtils.h">
      <Filter>Header Files</Filter>
    </ClInclude>
    <ClInclude Include="Portability.h">
      <Filter>Header Files</Filter>
    </ClInclude>
    <ClInclude Include="DoubleArray.h">
      <Filter>Header Files</Filter>
    </ClInclude>
    <ClInclude Include="JvmProvider.h">
      <Filter>Header Files</Filter>
    </ClInclude>
    <ClInclude Include="ThreadAutoAttach.h">
      <Filter>Header Files</Filter>
    </ClInclude>
    <ClInclude Include="ThreadMutex.h">
      <Filter>Header Files</Filter>
    </ClInclude>
    <ClInclude Include="IntArray.h">
      <Filter>Header Files</Filter>
    </ClInclude>
    <ClInclude Include="FloatArray.h">
      <Filter>Header Files</Filter>
    </ClInclude>
  </ItemGroup>
  <ItemGroup>
    <ClCompile Include="dedekind-mkl.cpp">
      <Filter>Source Files</Filter>
    </ClCompile>
    <ClCompile Include="dllmain.cpp">
      <Filter>Source Files</Filter>
    </ClCompile>
    <ClCompile Include="Context.cpp">
      <Filter>Source Files</Filter>
    </ClCompile>
    <ClCompile Include="SlimString.cpp">
      <Filter>Source Files</Filter>
    </ClCompile>
    <ClCompile Include="JException.cpp">
      <Filter>Source Files</Filter>
    </ClCompile>
    <ClCompile Include="JExceptionUtils.cpp">
      <Filter>Source Files</Filter>
    </ClCompile>
    <ClCompile Include="Portability.cpp">
      <Filter>Source Files</Filter>
    </ClCompile>
    <ClCompile Include="net_dedekind_blas_BlasN.cpp">
      <Filter>Source Files</Filter>
    </ClCompile>
    <ClCompile Include="DoubleArray.cpp">
      <Filter>Source Files</Filter>
    </ClCompile>
    <ClCompile Include="JvmProvider.cpp">
      <Filter>Source Files</Filter>
    </ClCompile>
    <ClCompile Include="ThreadAutoAttach.cpp">
      <Filter>Source Files</Filter>
    </ClCompile>
    <ClCompile Include="ThreadMutex.cpp">
      <Filter>Source Files</Filter>
    </ClCompile>
    <ClCompile Include="net_dedekind_lapack_LapackN.cpp">
      <Filter>Source Files</Filter>
    </ClCompile>
    <ClCompile Include="IntArray.cpp">
      <Filter>Source Files</Filter>
    </ClCompile>
    <ClCompile Include="FloatArray.cpp">
      <Filter>Source Files</Filter>
    </ClCompile>
  </ItemGroup>
</Project>